// !$*UTF8*$!
{
	archiveVersion = 1;
	classes = {
	};
	objectVersion = 77;
	objects = {

/* Native instrument UI regression target */
        EPUI000000000001 = {isa = PBXFileSystemSynchronizedRootGroup; path = UITests; sourceTree = "<group>"; };
        EPUI000000000002 = {isa = PBXFileReference; explicitFileType = wrapper.cfbundle; path = ExpressionPadUITests.xctest; sourceTree = BUILT_PRODUCTS_DIR; };
        EPUI000000000003 = {isa = PBXSourcesBuildPhase; buildActionMask = 2147483647; files = (); runOnlyForDeploymentPostprocessing = 0; };
        EPUI000000000004 = {isa = PBXFrameworksBuildPhase; buildActionMask = 2147483647; files = (); runOnlyForDeploymentPostprocessing = 0; };
        EPUI000000000005 = {isa = PBXResourcesBuildPhase; buildActionMask = 2147483647; files = (); runOnlyForDeploymentPostprocessing = 0; };
        EPUI000000000006 = {isa = PBXContainerItemProxy; containerPortal = EP00000D0000000D; proxyType = 1; remoteGlobalIDString = EP00000500000005; remoteInfo = ExpressionPad; };
        EPUI000000000007 = {isa = PBXTargetDependency; target = EP00000500000005; targetProxy = EPUI000000000006; };
        EPUI000000000008 = {isa = PBXNativeTarget; name = ExpressionPadUITests; productName = ExpressionPadUITests; productReference = EPUI000000000002;
            productType = "com.apple.product-type.bundle.ui-testing"; buildConfigurationList = EPUI000000000009;
            buildPhases = (EPUI000000000003, EPUI000000000004, EPUI000000000005); dependencies = (EPUI000000000007);
            buildRules = (); fileSystemSynchronizedGroups = (EPUI000000000001); };
        EPUI000000000009 = {isa = XCConfigurationList; buildConfigurations = (EPUI00000000000A, EPUI00000000000B); defaultConfigurationIsVisible = 0; defaultConfigurationName = Release; };
        EPUI00000000000A = {isa = XCBuildConfiguration; name = Debug; buildSettings = {
            GENERATE_INFOPLIST_FILE = YES; PRODUCT_BUNDLE_IDENTIFIER = com.charliedeck.expressionpad.uitests;
            PRODUCT_NAME = "$(TARGET_NAME)"; SWIFT_VERSION = 5.0; TEST_TARGET_NAME = ExpressionPad;
            TARGETED_DEVICE_FAMILY = "1,2"; CODE_SIGN_STYLE = Automatic; DEVELOPMENT_TEAM = WG6AA279AN;
        }; };
        EPUI00000000000B = {isa = XCBuildConfiguration; name = Release; buildSettings = {
            GENERATE_INFOPLIST_FILE = YES; PRODUCT_BUNDLE_IDENTIFIER = com.charliedeck.expressionpad.uitests;
            PRODUCT_NAME = "$(TARGET_NAME)"; SWIFT_VERSION = 5.0; TEST_TARGET_NAME = ExpressionPad;
            TARGETED_DEVICE_FAMILY = "1,2"; CODE_SIGN_STYLE = Automatic; DEVELOPMENT_TEAM = WG6AA279AN;
        }; };
/* Begin PBXBuildFile section */
		EP00000100000001 /* ExpressionPadCore in Frameworks */ = {isa = PBXBuildFile; productRef = EP00000200000002 /* ExpressionPadCore */; };
/* End PBXBuildFile section */

/* Begin PBXFileReference section */
		EP00000300000003 /* ExpressionPad.app */ = {isa = PBXFileReference; explicitFileType = wrapper.application; includeInIndex = 0; path = ExpressionPad.app; sourceTree = BUILT_PRODUCTS_DIR; };
/* End PBXFileReference section */

/* Begin PBXFileSystemSynchronizedBuildFileExceptionSet section */
		EP00000400000004 /* Exceptions for "App" folder in "ExpressionPad" target */ = {
			isa = PBXFileSystemSynchronizedBuildFileExceptionSet;
			membershipExceptions = (
				Info.plist,
			);
			target = EP00000500000005 /* ExpressionPad */;
		};
/* End PBXFileSystemSynchronizedBuildFileExceptionSet section */

/* Begin PBXFileSystemSynchronizedRootGroup section */
		EP00000600000006 /* App */ = {
			isa = PBXFileSystemSynchronizedRootGroup;
			exceptions = (
				EP00000400000004 /* Exceptions for "App" folder in "ExpressionPad" target */,
			);
			path = App;
			sourceTree = "<group>";
		};
/* End PBXFileSystemSynchronizedRootGroup section */

/* Begin PBXFrameworksBuildPhase section */
		EP00000700000007 /* Frameworks */ = {
			isa = PBXFrameworksBuildPhase;
			buildActionMask = 2147483647;
			files = (
				EP00000100000001 /* ExpressionPadCore in Frameworks */,
			);
			runOnlyForDeploymentPostprocessing = 0;
		};
/* End PBXFrameworksBuildPhase section */

/* Begin PBXGroup section */
		EP00000800000008 = {
			isa = PBXGroup;
			children = (
				EP00000600000006 /* App */,
                EPUI000000000001,
				EP00000900000009 /* Products */,
			);
			sourceTree = "<group>";
		};
		EP00000900000009 /* Products */ = {
			isa = PBXGroup;
			children = (
				EP00000300000003 /* ExpressionPad.app */,
                EPUI000000000002,
			);
			name = Products;
			sourceTree = "<group>";
		};
/* End PBXGroup section */

/* Begin PBXNativeTarget section */
		EP00000500000005 /* ExpressionPad */ = {
			isa = PBXNativeTarget;
			buildConfigurationList = EP00000A0000000A /* Build configuration list for PBXNativeTarget "ExpressionPad" */;
			buildPhases = (
				EP00000B0000000B /* Sources */,
				EP00000700000007 /* Frameworks */,
				EP00000C0000000C /* Resources */,
			);
			buildRules = (
			);
			dependencies = (
			);
			fileSystemSynchronizedGroups = (
				EP00000600000006 /* App */,
			);
			name = ExpressionPad;
			packageProductDependencies = (
				EP00000200000002 /* ExpressionPadCore */,
			);
			productName = ExpressionPad;
			productReference = EP00000300000003 /* ExpressionPad.app */;
			productType = "com.apple.product-type.application";
		};
/* End PBXNativeTarget section */

/* Begin PBXProject section */
		EP00000D0000000D /* Project object */ = {
			isa = PBXProject;
			attributes = {
				BuildIndependentTargetsInParallel = 1;
				LastSwiftUpdateCheck = 1640;
				LastUpgradeCheck = 1640;
				TargetAttributes = {
					EP00000500000005 = {
						CreatedOnToolsVersion = 16.4;
					};
				};
			};
			buildConfigurationList = EP00000E0000000E /* Build configuration list for PBXProject "xpad" */;
			developmentRegion = en;
			hasScannedForEncodings = 0;
			knownRegions = (
				en,
				Base,
			);
			mainGroup = EP00000800000008;
			minimizedProjectReferenceProxies = 1;
			packageReferences = (
				EP00000F0000000F /* XCLocalSwiftPackageReference "Core" */,
			);
			preferredProjectObjectVersion = 77;
			productRefGroup = EP00000900000009 /* Products */;
			projectDirPath = "";
			projectRoot = "";
			targets = (
                EPUI000000000008,
				EP00000500000005 /* ExpressionPad */,
			);
		};
/* End PBXProject section */

/* Begin PBXResourcesBuildPhase section */
		EP00000C0000000C /* Resources */ = {
			isa = PBXResourcesBuildPhase;
			buildActionMask = 2147483647;
			files = (
			);
			runOnlyForDeploymentPostprocessing = 0;
		};
/* End PBXResourcesBuildPhase section */

/* Begin PBXSourcesBuildPhase section */
		EP00000B0000000B /* Sources */ = {
			isa = PBXSourcesBuildPhase;
			buildActionMask = 2147483647;
			files = (
			);
			runOnlyForDeploymentPostprocessing = 0;
		};
/* End PBXSourcesBuildPhase section */

/* Begin XCBuildConfiguration section */
		EP00001000000010 /* Debug */ = {
			isa = XCBuildConfiguration;
			buildSettings = {
				ALWAYS_SEARCH_USER_PATHS = NO;
				CLANG_ANALYZER_NONNULL = YES;
				CLANG_ENABLE_MODULES = YES;
				CLANG_ENABLE_OBJC_ARC = YES;
				COPY_PHASE_STRIP = NO;
				DEBUG_INFORMATION_FORMAT = dwarf;
				ENABLE_STRICT_OBJC_MSGSEND = YES;
				ENABLE_TESTABILITY = YES;
				GCC_C_LANGUAGE_STANDARD = gnu17;
				GCC_DYNAMIC_NO_PIC = NO;
				GCC_NO_COMMON_BLOCKS = YES;
				GCC_OPTIMIZATION_LEVEL = 0;
				GCC_PREPROCESSOR_DEFINITIONS = (
					"DEBUG=1",
					"$(inherited)",
				);
				IPHONEOS_DEPLOYMENT_TARGET = 18.0;
				MTL_ENABLE_DEBUG_INFO = INCLUDE_SOURCE;
				MTL_FAST_MATH = YES;
				ONLY_ACTIVE_ARCH = YES;
				SDKROOT = iphoneos;
				SWIFT_ACTIVE_COMPILATION_CONDITIONS = "DEBUG $(inherited)";
				SWIFT_OPTIMIZATION_LEVEL = "-Onone";
			};
			name = Debug;
		};
		EP00001100000011 /* Release */ = {
			isa = XCBuildConfiguration;
			buildSettings = {
				ALWAYS_SEARCH_USER_PATHS = NO;
				CLANG_ANALYZER_NONNULL = YES;
				CLANG_ENABLE_MODULES = YES;
				CLANG_ENABLE_OBJC_ARC = YES;
				COPY_PHASE_STRIP = NO;
				DEBUG_INFORMATION_FORMAT = "dwarf-with-dsym";
				ENABLE_NS_ASSERTIONS = NO;
				ENABLE_STRICT_OBJC_MSGSEND = YES;
				GCC_C_LANGUAGE_STANDARD = gnu17;
				GCC_NO_COMMON_BLOCKS = YES;
				IPHONEOS_DEPLOYMENT_TARGET = 18.0;
				MTL_ENABLE_DEBUG_INFO = NO;
				MTL_FAST_MATH = YES;
				SDKROOT = iphoneos;
				SWIFT_COMPILATION_MODE = wholemodule;
				SWIFT_OPTIMIZATION_LEVEL = "-O";
				VALIDATE_PRODUCT = YES;
			};
			name = Release;
		};
		EP00001200000012 /* Debug */ = {
			isa = XCBuildConfiguration;
			buildSettings = {
				ASSETCATALOG_COMPILER_APPICON_NAME = AppIcon;
				CODE_SIGN_STYLE = Automatic;
				CURRENT_PROJECT_VERSION = 1;
				DEVELOPMENT_TEAM = WG6AA279AN;
				ENABLE_PREVIEWS = YES;
				GENERATE_INFOPLIST_FILE = NO;
				INFOPLIST_FILE = App/Info.plist;
				LD_RUNPATH_SEARCH_PATHS = (
					"$(inherited)",
					"@executable_path/Frameworks",
				);
				MARKETING_VERSION = 2.0.0;
				PRODUCT_BUNDLE_IDENTIFIER = com.charliedeck.expressionpad;
				PRODUCT_NAME = "$(TARGET_NAME)";
				SWIFT_EMIT_LOC_STRINGS = YES;
				SWIFT_VERSION = 5.0;
				TARGETED_DEVICE_FAMILY = "1,2";
			};
			name = Debug;
		};
		EP00001300000013 /* Release */ = {
			isa = XCBuildConfiguration;
			buildSettings = {
				ASSETCATALOG_COMPILER_APPICON_NAME = AppIcon;
				CODE_SIGN_STYLE = Automatic;
				CURRENT_PROJECT_VERSION = 1;
				DEVELOPMENT_TEAM = WG6AA279AN;
				ENABLE_PREVIEWS = YES;
				GENERATE_INFOPLIST_FILE = NO;
				INFOPLIST_FILE = App/Info.plist;
				LD_RUNPATH_SEARCH_PATHS = (
					"$(inherited)",
					"@executable_path/Frameworks",
				);
				MARKETING_VERSION = 2.0.0;
				PRODUCT_BUNDLE_IDENTIFIER = com.charliedeck.expressionpad;
				PRODUCT_NAME = "$(TARGET_NAME)";
				SWIFT_EMIT_LOC_STRINGS = YES;
				SWIFT_VERSION = 5.0;
				TARGETED_DEVICE_FAMILY = "1,2";
			};
			name = Release;
		};
/* End XCBuildConfiguration section */

/* Begin XCConfigurationList section */
		EP00000A0000000A /* Build configuration list for PBXNativeTarget "ExpressionPad" */ = {
			isa = XCConfigurationList;
			buildConfigurations = (
				EP00001200000012 /* Debug */,
				EP00001300000013 /* Release */,
			);
			defaultConfigurationIsVisible = 0;
			defaultConfigurationName = Release;
		};
		EP00000E0000000E /* Build configuration list for PBXProject "xpad" */ = {
			isa = XCConfigurationList;
			buildConfigurations = (
				EP00001000000010 /* Debug */,
				EP00001100000011 /* Release */,
			);
			defaultConfigurationIsVisible = 0;
			defaultConfigurationName = Release;
		};
/* End XCConfigurationList section */

/* Begin XCLocalSwiftPackageReference section */
		EP00000F0000000F /* XCLocalSwiftPackageReference "Core" */ = {
			isa = XCLocalSwiftPackageReference;
			relativePath = Core;
		};
/* End XCLocalSwiftPackageReference section */

/* Begin XCSwiftPackageProductDependency section */
		EP00000200000002 /* ExpressionPadCore */ = {
			isa = XCSwiftPackageProductDependency;
			productName = ExpressionPadCore;
		};
/* End XCSwiftPackageProductDependency section */
	};
	rootObject = EP00000D0000000D /* Project object */;
}
